version = 1
revision = 3
requires-python = ">=3.13, <3.15"

[[package]]
name = "anyio"
version = "4.14.2"
source = { registry = "https://pypi.org/simple" }
dependencies = [
    { name = "idna" },
]
sdist = { url = "https://files.pythonhosted.org/packages/61/cc/a381afa6efea9f496eff839d4a6a1aed3bfafc7b3ab4b0d1b243a12573dd/anyio-4.14.2.tar.gz", hash = "sha256:cfa139f3ed1a23ee8f88a145ddb5ac7605b8bbfd8592baacd7ce3d8bb4313c7f", size = 260176, upload-time = "2026-07-12T20:29:07.082Z" }
wheels = [
    { url = "https://files.pythonhosted.org/packages/da/35/f2287558c17e29fafc8ef3daf819bb9834061cfa43bff8014f7df7f63bdc/anyio-4.14.2-py3-none-any.whl", hash = "sha256:9f505dda5ac9f0c8309b5e8bd445a8c2bf7246f3ce950121e45ea15bc41d1494", size = 125813, upload-time = "2026-07-12T20:29:05.763Z" },
]

[[package]]
name = "certifi"
version = "2026.7.22"
source = { registry = "https://pypi.org/simple" }
sdist = { url = "https://files.pythonhosted.org/packages/a3/c2/24167ea9858356b47a87a50d39908bfdb72ceeefe0041586e704e5376b3a/certifi-2026.7.22.tar.gz", hash = "sha256:741e2c3b351ddf169a738da9f2c048608ff7f2c5cc02f1ebc6b118bb090d5d55", size = 138112, upload-time = "2026-07-22T03:35:12.644Z" }
wheels = [
    { url = "https://files.pythonhosted.org/packages/0b/a7/71ac2cff56fec219ed242bb11b8efb69fcc4bec75db06fb7bfe35de520e6/certifi-2026.7.22-py3-none-any.whl", hash = "sha256:62f22742b58a1a33014a2b6b706588a8d7e2a88ae7bd1a6ebe8c992928483775", size = 136983, upload-time = "2026-07-22T03:35:11.276Z" },
]

[[package]]
name = "colorama"
version = "0.4.6"
source = { registry = "https://pypi.org/simple" }
sdist = { url = "https://files.pythonhosted.org/packages/d8/53/6f443c9a4a8358a93a6792e2acffb9d9d5cb0a5cfd8802644b7b1c9a02e4/colorama-0.4.6.tar.gz", hash = "sha256:08695f5cb7ed6e0531a20572697297273c47b8cae5a63ffc6d6ed5c201be6e44", size = 27697, upload-time = "2022-10-25T02:36:22.414Z" }
wheels = [
    { url = "https://files.pythonhosted.org/packages/d1/d6/3965ed04c63042e047cb6a3e6ed1a63a35087b6a609aa3a15ed8ac56c221/colorama-0.4.6-py2.py3-none-any.whl", hash = "sha256:4f1d9991f5acc0ca119f9d443620b77f9d6b33703e51011c16baf57afb285fc6", size = 25335, upload-time = "2022-10-25T02:36:20.889Z" },
]

[[package]]
name = "h11"
version = "0.16.0"
source = { registry = "https://pypi.org/simple" }
sdist = { url = "https://files.pythonhosted.org/packages/01/ee/02a2c011bdab74c6fb3c75474d40b3052059d95df7e73351460c8588d963/h11-0.16.0.tar.gz", hash = "sha256:4e35b956cf45792e4caa5885e69fba00bdbc6ffafbfa020300e549b208ee5ff1", size = 101250, upload-time = "2025-04-24T03:35:25.427Z" }
wheels = [
    { url = "https://files.pythonhosted.org/packages/04/4b/29cac41a4d98d144bf5f6d33995617b185d14b22401f75ca86f384e87ff1/h11-0.16.0-py3-none-any.whl", hash = "sha256:63cf8bbe7522de3bf65932fda1d9c2772064ffb3dae62d55932da54b31cb6c86", size = 37515, upload-time = "2025-04-24T03:35:24.344Z" },
]

[[package]]
name = "httpcore"
version = "1.0.9"
source = { registry = "https://pypi.org/simple" }
dependencies = [
    { name = "certifi" },
    { name = "h11" },
]
sdist = { url = "https://files.pythonhosted.org/packages/06/94/82699a10bca87a5556c9c59b5963f2d039dbd239f25bc2a63907a05a14cb/httpcore-1.0.9.tar.gz", hash = "sha256:6e34463af53fd2ab5d807f399a9b45ea31c3dfa2276f15a2c3f00afff6e176e8", size = 85484, upload-time = "2025-04-24T22:06:22.219Z" }
wheels = [
    { url = "https://files.pythonhosted.org/packages/7e/f5/f66802a942d491edb555dd61e3a9961140fd64c90bce1eafd741609d334d/httpcore-1.0.9-py3-none-any.whl", hash = "sha256:2d400746a40668fc9dec9810239072b40b4484b640a8c38fd654a024c7a1bf55", size = 78784, upload-time = "2025-04-24T22:06:20.566Z" },
]

[[package]]
name = "httpx"
version = "0.28.1"
source = { registry = "https://pypi.org/simple" }
dependencies = [
    { name = "anyio" },
    { name = "certifi" },
    { name = "httpcore" },
    { name = "idna" },
]
sdist = { url = "https://files.pythonhosted.org/packages/b1/df/48c586a5fe32a0f01324ee087459e112ebb7224f646c0b5023f5e79e9956/httpx-0.28.1.tar.gz", hash = "sha256:75e98c5f16b0f35b567856f597f06ff2270a374470a5c2392242528e3e3e42fc", size = 141406, upload-time = "2024-12-06T15:37:23.222Z" }
wheels = [
    { url = "https://files.pythonhosted.org/packages/2a/39/e50c7c3a983047577ee07d2a9e53faf5a69493943ec3f6a384bdc792deb2/httpx-0.28.1-py3-none-any.whl", hash = "sha256:d909fcccc110f8c7faf814ca82a9a4d816bc5a6dbfea25d6591d6985b8ba59ad", size = 73517, upload-time = "2024-12-06T15:37:21.509Z" },
]

[[package]]
name = "idna"
version = "3.19"
source = { registry = "https://pypi.org/simple" }
sdist = { url = "https://files.pythonhosted.org/packages/5f/f7/abb373e5757eaec4b922b92f97ec8d6d7e057cf06778247604fbc4e7c3f3/idna-3.19.tar.gz", hash = "sha256:5e0811a4383b21dc5838069f801c4fb62113b7447663d2530d2bd6e77b49bf15", size = 215237, upload-time = "2026-08-18T05:14:24.27Z" }
wheels = [
    { url = "https://files.pythonhosted.org/packages/57/b0/0e52c878c53f245edd3a11020f20979b3f490f245af532c7cae3027754b5/idna-3.19-py3-none-any.whl", hash = "sha256:815e7be7a7806d54abb586dc943addc79e8b2ee16915059658cbeff4b1b43bf4", size = 68550, upload-time = "2026-08-18T05:14:22.343Z" },
]

[[package]]
name = "iniconfig"
version = "2.3.0"
source = { registry = "https://pypi.org/simple" }
sdist = { url = "https://files.pythonhosted.org/packages/72/34/14ca021ce8e5dfedc35312d08ba8bf51fdd999c576889fc2c24cb97f4f10/iniconfig-2.3.0.tar.gz", hash = "sha256:c76315c77db068650d49c5b56314774a7804df16fee4402c1f19d6d15d8c4730", size = 20503, upload-time = "2025-10-18T21:55:43.219Z" }
wheels = [
    { url = "https://files.pythonhosted.org/packages/cb/b1/3846dd7f199d53cb17f49cba7e651e9ce294d8497c8c150530ed11865bb8/iniconfig-2.3.0-py3-none-any.whl", hash = "sha256:f631c04d2c48c52b84d0d0549c99ff3859c98df65b3101406327ecc7d53fbf12", size = 7484, upload-time = "2025-10-18T21:55:41.639Z" },
]

[[package]]
name = "lxml"
version = "6.1.3"
source = { registry = "https://pypi.org/simple" }
sdist = { url = "https://files.pythonhosted.org/packages/23/ad/28ecd7cb894d172f3c9c80a075eeeb2017ac62e3632cee05a5f9493547eb/lxml-6.1.3.tar.gz", hash = "sha256:45222d94ddd511536f3b2f7d9deae3b2339b4ce0f075f1ca25703b07cad9dd21", size = 4211198, upload-time = "2026-09-02T14:48:02.287Z" }
wheels = [
    { url = "https://files.pythonhosted.org/packages/52/05/3ef45db776baea068044c799bbba68f3ca00a440c0e930a17c572f3d9639/lxml-6.1.3-cp313-cp313-macosx_10_13_universal2.whl", hash = "sha256:3a48093cdb058a93af842ede9703520e810b05dcd0fc6d7190a06376c3bfb6bd", size = 8590357, upload-time = "2026-09-02T14:48:17.413Z" },
    { url = "https://files.pythonhosted.org/packages/8c/a5/eee2fc77eee5ea68e4a4334b1def1781a3beaeefd3d98e81b4a38dc447b7/lxml-6.1.3-cp313-cp313-macosx_10_13_x86_64.whl", hash = "sha256:887c021d9a977cff89cb273047c1352997b772a8908a25c21836861f69b92be1", size = 4632616, upload-time = "2026-09-02T14:48:20.745Z" },
    { url = "https://files.pythonhosted.org/packages/35/42/df27b56848acd29d8a720acc28977911aab36f2a09df4208d5502e887415/lxml-6.1.3-cp313-cp313-manylinux2014_aarch64.manylinux_2_17_aarch64.whl", hash = "sha256:611a51e61c92f62345a50b0035df6fc0d678f9299f33728826d831598862f59d", size = 4936186, upload-time = "2026-09-02T14:48:22.94Z" },
    { url = "https://files.pythonhosted.org/packages/ab/8d/8a7b91df0b54d09d25f5f44885d6b3e0a6d6643a8c070191580318d20c42/lxml-6.1.3-cp313-cp313-manylinux2014_x86_64.manylinux_2_17_x86_64.whl", hash = "sha256:b477912f42c5c33405a10c759d22f80cf5af043ae02d95b9d8e5e5bc555739ed", size = 5093324, upload-time = "2026-09-02T14:48:25.132Z" },
    { url = "https://files.pythonhosted.org/packages/c6/7e/8f340ddcd43790332fb0de8a26628d571a492da3300cd191821698407c96/lxml-6.1.3-cp313-cp313-manylinux_2_26_aarch64.manylinux_2_28_aarch64.whl", hash = "sha256:5cffe18571ccc51d742cd08cbb3f8b756de9311d18c7ea98f5d92f37b8fb60c2", size = 4998850, upload-time = "2026-09-02T14:48:27.394Z" },
    { url = "https://files.pythonhosted.org/packages/c5/c1/9c5bb572f1f09ec9e4322bd4a4e9f4ad48347fc56ef94cf4df58a5279dc8/lxml-6.1.3-cp313-cp313-manylinux_2_26_ppc64le.manylinux_2_28_ppc64le.whl", hash = "sha256:75cc6569e86be5785b6188ef1642670c6adbc984e81ec35e224842ecd9eefcc8", size = 5626813, upload-time = "2026-09-02T14:48:29.61Z" },
    { url = "https://files.pythonhosted.org/packages/ac/7d/8bf1fd8bae8247743968bb76d027a1ac5bd2c4b44495fba6a71b30d10706/lxml-6.1.3-cp313-cp313-manylinux_2_26_x86_64.manylinux_2_28_x86_64.whl", hash = "sha256:d85dfab42dd672f87a7f76e9de7172962aee69fa12044f0d6e1a23cbd53fb80e", size = 5232385, upload-time = "2026-09-02T14:48:31.969Z" },
    { url = "https://files.pythonhosted.org/packages/7b/2e/6cef69ed81cb7df0d03b0dd09d08e6e2cf5061a743ff6f42f0b741548e9b/lxml-6.1.3-cp313-cp313-manylinux_2_28_i686.whl", hash = "sha256:42632b4024ab24a6b488f559ac851312509888b6b80ae2aa11cf29a646a0d245", size = 5347088, upload-time = "2026-09-02T14:48:34.13Z" },
    { url = "https://files.pythonhosted.org/packages/5f/e1/8e5fd8ddc8c7d685badb0f2db149e3c9da84eefc2827c01c658df2c4e3cb/lxml-6.1.3-cp313-cp313-manylinux_2_31_armv7l.whl", hash = "sha256:febd35ef45f603c2d74b74655efdbf45e14f55fc0aef4ac82b663ca829b283e0", size = 4707227, upload-time = "2026-09-02T14:48:36.62Z" },
    { url = "https://files.pythonhosted.org/packages/7a/7e/00041382a11be40a88bf405ebff11c8efabd3de79f2691e1638b1c47a8a0/lxml-6.1.3-cp313-cp313-manylinux_2_38_riscv64.manylinux_2_39_riscv64.whl", hash = "sha256:a43b3bdf11e477dc7770609d3477316f974354dfc8425d596f64f471cc8daf6e", size = 5240208, upload-time = "2026-09-02T14:48:38.893Z" },
    { url = "https://files.pythonhosted.org/packages/fd/fe/316538b5cff0936fa63d45d421c655730fcbb5a28dcac728c175083002bc/lxml-6.1.3-cp313-cp313-musllinux_1_2_aarch64.whl", hash = "sha256:5d582042c69857c364e8153de6e18e0da9b7b515a6a8113caf69a6ec8e0520f2", size = 5050271, upload-time = "2026-09-02T14:48:41.213Z" },
    { url = "https://files.pythonhosted.org/packages/c9/91/455bcccb3ac725373007344d351151810cd19762d1673b64b811f4359a42/lxml-6.1.3-cp313-cp313-musllinux_1_2_armv7l.whl", hash = "sha256:8e49a646acfab83c68974f4aa1d0a2acca9e88d7d627ae0fc13201b14b76d310", size = 4780433, upload-time = "2026-09-02T14:48:43.779Z" },
    { url = "https://files.pythonhosted.org/packages/cb/f6/580440e2f52cf00bba5c5e1080bfa88cdfcde73be71a11d95170ddbb663f/lxml-6.1.3-cp313-cp313-musllinux_1_2_ppc64le.whl", hash = "sha256:0dee106e9aa97fb00541b1ed7827070564d0549c3d3fba8920e6b20fd980f748", size = 5645928, upload-time = "2026-09-02T14:48:46.187Z" },
    { url = "https://files.pythonhosted.org/packages/f6/dc/d123c1f244306543d545f62443f794959e4f1ea709fe100f8740d514e74a/lxml-6.1.3-cp313-cp313-musllinux_1_2_riscv64.whl", hash = "sha256:dd5e90f34cffcfed97f36cf066325773d2b6021c60c29942e53a18b028501b1d", size = 5231184, upload-time = "2026-09-02T14:48:48.691Z" },
    { url = "https://files.pythonhosted.org/packages/c3/3c/fe55b2bd5c6113c906511cd88f6a470195c5fbff1124f19970ab706c3477/lxml-6.1.3-cp313-cp313-musllinux_1_2_x86_64.whl", hash = "sha256:d9b3e7d71bf6acff341233417abbdface29c647e3113892d9aaedc02eb4aa2bc", size = 5255814, upload-time = "2026-09-02T14:48:50.948Z" },
    { url = "https://files.pythonhosted.org/packages/e7/a7/485df55acf55dc35e4ca89d2f48f03889e5a3241826b18b85102b32ce9d8/lxml-6.1.3-cp313-cp313-win32.whl", hash = "sha256:160fcf381f76c3aeac28a756bec44f48942a8f7245a87aa28e3a523b4d90cd87", size = 3602214, upload-time = "2026-09-02T14:48:53.236Z" },
    { url = "https://files.pythonhosted.org/packages/c0/28/e46a7702bd95e9043291f7c3539b6184cba66f96cea9936f20939b284eeb/lxml-6.1.3-cp313-cp313-win_amd64.whl", hash = "sha256:e477aca0bc0d19f3b4ae9e4f2a1cfd687c31bf772d78734910658186b40b2477", size = 4004091, upload-time = "2026-09-02T14:48:55.699Z" },
    { url = "https://files.pythonhosted.org/packages/8a/1d/154c78e20479a43916e63f19cb720d83f44f024b03228be44c92d9a97b24/lxml-6.1.3-cp313-cp313-win_arm64.whl", hash = "sha256:b1cc980905221a5d8b3c476330730b3adb40ff80add71ffbdb6215ba055656f1", size = 3665468, upload-time = "2026-09-02T14:48:57.703Z" },
    { url = "https://files.pythonhosted.org/packages/0c/15/fc75a70b0af6021d0ea16811f1fc71cc42cd06ce90fe10f007a69b2eed84/lxml-6.1.3-cp314-cp314-macosx_10_15_universal2.whl", hash = "sha256:2bec13085dc8ef48a3fe62f7dfcacfeda2c785cdf19cc8eeda2bb9ed081da165", size = 8609725, upload-time = "2026-09-02T14:49:00.156Z" },
    { url = "https://files.pythonhosted.org/packages/84/ef/398fcf9018f881ec9aeaafae1ddd6586dfb13314a35d35e899de373dcae0/lxml-6.1.3-cp314-cp314-macosx_10_15_x86_64.whl", hash = "sha256:4f4db7c7e954d289d71878938348b3d91b904a3e8210a11939359fb758a58e7d", size = 4639629, upload-time = "2026-09-02T14:49:02.81Z" },
    { url = "https://files.pythonhosted.org/packages/a7/2d/49b6a6ad7ce8f64b07b9fe852ff0c6d3fcbb26db61bee4f63d4120180a1c/lxml-6.1.3-cp314-cp314-manylinux2014_aarch64.manylinux_2_17_aarch64.whl", hash = "sha256:2cae5d5c90a62d9139c512a0cb1aad1d182b022b5740daea2617eb5bf7fc658e", size = 4965074, upload-time = "2026-09-02T14:49:05.133Z" },
    { url = "https://files.pythonhosted.org/packages/66/bc/6230cf80e4331c33383b0b6b73dc31a393dd76edd4cb73d761de5123034d/lxml-6.1.3-cp314-cp314-manylinux2014_x86_64.manylinux_2_17_x86_64.whl", hash = "sha256:c6c0c13128a32eb04a51357e56a094e13aa8e6d3d1884de2e9ae923f6915e1a8", size = 5099355, upload-time = "2026-09-02T14:49:07.343Z" },
    { url = "https://files.pythonhosted.org/packages/ac/cf/d1143d9b7717e07a82f158a1fc9ce6e581fdad1226734950af869e3ffde4/lxml-6.1.3-cp314-cp314-manylinux_2_26_aarch64.manylinux_2_28_aarch64.whl", hash = "sha256:2221e88679d1351e9a40aaee54bc65679b9795bbd0160bc3d5e36b163344eb75", size = 5036795, upload-time = "2026-09-02T14:49:09.65Z" },
    { url = "https://files.pythonhosted.org/packages/31/6f/194bb00ffb89712c30f5a7e1b8e685590e140fad6c8261fec172c09a3dc0/lxml-6.1.3-cp314-cp314-manylinux_2_26_ppc64le.manylinux_2_28_ppc64le.whl", hash = "sha256:cfb398886a7eb4c719161c3efcff2a1248febc53a4d8e5072d2d8a87fed84ac9", size = 5658740, upload-time = "2026-09-02T14:49:11.9Z" },
    { url = "https://files.pythonhosted.org/packages/e9/44/27e3cee3dcdb3b7bc09727b642bdbfcd098490ea77df04611db9060d7722/lxml-6.1.3-cp314-cp314-manylinux_2_26_x86_64.manylinux_2_28_x86_64.whl", hash = "sha256:a7eb78ba28b187e1e9203a55c60fcf70df2d22cb205fe6d51b9383d6097419f0", size = 5245991, upload-time = "2026-09-02T14:49:14.154Z" },
    { url = "https://files.pythonhosted.org/packages/ca/e9/8312560579fc980bbd2233a8a673cc46f7d613d3633f2bf08a21e8f4ad13/lxml-6.1.3-cp314-cp314-manylinux_2_28_i686.whl", hash = "sha256:ea6b1e9105b4b24a34c722432d9fb578f9ed83af21fa1abda639011e0f22bbb6", size = 5354136, upload-time = "2026-09-02T14:49:16.459Z" },
    { url = "https://files.pythonhosted.org/packages/74/d8/eda60f4f73a9c780b5d6e1175484f66e6c81a2c93346e2906a1fec9c7a02/lxml-6.1.3-cp314-cp314-manylinux_2_31_armv7l.whl", hash = "sha256:e8b17e23df3e827a69d25af70990ca2420e92668aaffaeeb3cd2351d7916a023", size = 4704379, upload-time = "2026-09-02T14:49:19.032Z" },
    { url = "https://files.pythonhosted.org/packages/ba/c8/c9cc60057be78ac34bd2b842e45e6e88edbfe5e532e82c3b82381b7aab49/lxml-6.1.3-cp314-cp314-manylinux_2_38_riscv64.manylinux_2_39_riscv64.whl", hash = "sha256:1b7c37339d7e75cab9a123a04248e243cefefb302ad6db566ea0c77cbcde421e", size = 5258676, upload-time = "2026-09-02T14:49:21.306Z" },
    { url = "https://files.pythonhosted.org/packages/41/7b/66894008fee8d1785b8db129747ae963fd427b68f456918df7f2f24a8b98/lxml-6.1.3-cp314-cp314-musllinux_1_2_aarch64.whl", hash = "sha256:83e3a51e7933db700a0da0db31849db3a24022d9970da9bb73001e1d0326fd92", size = 5090069, upload-time = "2026-09-02T14:49:23.562Z" },
    { url = "https://files.pythonhosted.org/packages/8b/31/c1b60404859f4c3cd1f41f29c65a24e25cea78fde822d9574a21f66810be/lxml-6.1.3-cp314-cp314-musllinux_1_2_armv7l.whl", hash = "sha256:9bde9ae026a55b9a192078dfa6e27dd0ca4a050171ab6272e92f97b757dfdf48", size = 4741958, upload-time = "2026-09-02T14:49:26.037Z" },
    { url = "https://files.pythonhosted.org/packages/23/b8/6285f0cf546f14da2554cabdeaf7c2c2ff3190c74807f0de2e8810a786f9/lxml-6.1.3-cp314-cp314-musllinux_1_2_ppc64le.whl", hash = "sha256:1a635e837b50a1819bebfedaac5916498ea024120969da8790500148fb0a894d", size = 5683245, upload-time = "2026-09-02T14:49:28.438Z" },
    { url = "https://files.pythonhosted.org/packages/d3/f6/2168cab44336dcb15fed0f0b78577225b83297cdf0dee349c95420c3dcb0/lxml-6.1.3-cp314-cp314-musllinux_1_2_riscv64.whl", hash = "sha256:d0c5c362bc94f1929dc7e96e715bbe7bd17037f802e6d8f0d1545df9133c0559", size = 5246087, upload-time = "2026-09-02T14:49:30.955Z" },
    { url = "https://files.pythonhosted.org/packages/f5/89/32f5de69a0a31f30e6164981851f87b37ecb2c4ee838e504b88d49d4818e/lxml-6.1.3-cp314-cp314-musllinux_1_2_x86_64.whl", hash = "sha256:c59e4265608da6a041f54646ecc0c9ecdbb19aaf14c4c684bb6c2114998cc415", size = 5269352, upload-time = "2026-09-02T14:49:33.502Z" },
    { url = "https://files.pythonhosted.org/packages/a2/a1/741d952ed3a7ef7a50055c6415aec3f067015e97f72f4389ce77b09657ba/lxml-6.1.3-cp314-cp314-win32.whl", hash = "sha256:2e62c569ec7531b679b184cbfe335c501c1d13c4b363560013019962eb630e6d", size = 3662783, upload-time = "2026-09-02T14:50:23.751Z" },
    { url = "https://files.pythonhosted.org/packages/0f/bc/5811cc73cac05e324e05ba9b0924e1a163a317a167ede8a9c748b11db30a/lxml-6.1.3-cp314-cp314-win_amd64.whl", hash = "sha256:66299564c046bc7e0cc5de5106601eae907e9fa5904cd68a323380a8502f7861", size = 4073951, upload-time = "2026-09-02T14:50:26.348Z" },
    { url = "https://files.pythonhosted.org/packages/92/18/3768c8b01ac3a9bed1914715e6011711b00e2a11628ffa6f7fa37f8e0269/lxml-6.1.3-cp314-cp314-win_arm64.whl", hash = "sha256:ebd054ad1737a68fb7c5c073d405cef2b88bb824e294de3b4a4e995b47f0e376", size = 3749279, upload-time = "2026-09-02T14:50:28.749Z" },
    { url = "https://files.pythonhosted.org/packages/72/38/84684784738d9451db2b330de2483f496690c3a5c642071df24135739b37/lxml-6.1.3-cp314-cp314t-macosx_10_15_universal2.whl", hash = "sha256:5a143e6207579de8baeded4eaac9134413200359f1969d636f0bfb98ee8c3c8f", size = 8860296, upload-time = "2026-09-02T14:49:36.346Z" },
    { url = "https://files.pythonhosted.org/packages/24/b7/fc4c50bb1b38e864010ea396046cabe85129bf9e65b11edcfbc37d356241/lxml-6.1.3-cp314-cp314t-macosx_10_15_x86_64.whl", hash = "sha256:a1cec0f99b9b914d39176347a93b7610dc09324491aee1cbc57cd291a41a1d55", size = 4755190, upload-time = "2026-09-02T14:49:39.872Z" },
    { url = "https://files.pythonhosted.org/packages/94/e2/ee9aa6ed2b666b2db1f6f7fd48964ff9da39ebe827ef5eac0ab881f639d9/lxml-6.1.3-cp314-cp314t-manylinux2014_aarch64.manylinux_2_17_aarch64.whl", hash = "sha256:f6b9d2aad499c769ee8287609ab0e6de99d8bcea99c6e6c2e64945259fd52fb2", size = 4979517, upload-time = "2026-09-02T14:49:42.153Z" },
    { url = "https://files.pythonhosted.org/packages/29/e3/e7763d1661b283ddd4fa36f91b9a497db6b8d2aff55028b16c7f642e0755/lxml-6.1.3-cp314-cp314t-manylinux2014_x86_64.manylinux_2_17_x86_64.whl", hash = "sha256:28a23fefdb345b2d4d0ff2860571b5ff9a89a28b6a120f720e8fb0324d346626", size = 5115270, upload-time = "2026-09-02T14:49:44.493Z" },
    { url = "https://files.pythonhosted.org/packages/2d/cd/22205d5b4d177e3f4156f780412426ee7c7f8107809f119f0dcc40fa51e3/lxml-6.1.3-cp314-cp314t-manylinux_2_26_aarch64.manylinux_2_28_aarch64.whl", hash = "sha256:545ccc14fb05485f48b4439ec35beb16d5b5280eb6c81c658bd4707a2a119414", size = 5032449, upload-time = "2026-09-02T14:49:46.841Z" },
    { url = "https://files.pythonhosted.org/packages/da/43/06a4626c3bb79ef8c501b674afab8100d64e798665bb2a97d1c960636a49/lxml-6.1.3-cp314-cp314t-manylinux_2_26_ppc64le.manylinux_2_28_ppc64le.whl", hash = "sha256:93476b6514b373fc6ca67d26c442784f7807c86f00635bfe79f935c3eab2af17", size = 5603325, upload-time = "2026-09-02T14:49:49.664Z" },
    { url = "https://files.pythonhosted.org/packages/d0/9c/733682a0c2de9f5779ba207bbb3f3f6be8c6bda863fc01739b186b38783a/lxml-6.1.3-cp314-cp314t-manylinux_2_26_x86_64.manylinux_2_28_x86_64.whl", hash = "sha256:8db38ff3fb7aee7d6a82ae4da2eef1178656fe1216841fbd24870062a9d60473", size = 5229023, upload-time = "2026-09-02T14:49:52.447Z" },
    { url = "https://files.pythonhosted.org/packages/c6/8a/e69cdaca3fd33a647942925664f01b20908d41a6968c182305be9c38fb11/lxml-6.1.3-cp314-cp314t-manylinux_2_28_i686.whl", hash = "sha256:25f4118c438f96bb466e83108506d03d5c31b1bd2387e83e5b070bda6ded9c37", size = 5317811, upload-time = "2026-09-02T14:49:55.25Z" },
    { url = "https://files.pythonhosted.org/packages/2e/b2/0c397588174403c2ab68fc464abf97e03e7324f9c6cb6a99023104707195/lxml-6.1.3-cp314-cp314t-manylinux_2_31_armv7l.whl", hash = "sha256:1beb0f9909b26cee938df9ba56b15252a84429b1fc30ce6fca161390b9789a70", size = 4646516, upload-time = "2026-09-02T14:49:57.761Z" },
    { url = "https://files.pythonhosted.org/packages/56/7e/cfea25afafbe49db8b225764f7f74bb37c2a7f5e717d917d3d4a5e098ed4/lxml-6.1.3-cp314-cp314t-manylinux_2_38_riscv64.manylinux_2_39_riscv64.whl", hash = "sha256:3a27ac6c780c8b8a1cd231b58407634cafc1c4cc28cd6c7141362df0f36351e7", size = 5240626, upload-time = "2026-09-02T14:50:00.279Z" },
    { url = "https://files.pythonhosted.org/packages/a1/75/7a587771bb52ebb0e2c57b6dbe9fd96a70fbb54d72ddd97d54c5f8ec18d5/lxml-6.1.3-cp314-cp314t-musllinux_1_2_aarch64.whl", hash = "sha256:a1932d7ce78a561367512c594fe66eac2b2ec9b9264cfd9b5f950622f4a116e2", size = 5086619, upload-time = "2026-09-02T14:50:03.245Z" },
    { url = "https://files.pythonhosted.org/packages/1e/01/94c0ebe6d831861542d251e038052e52bf6d33f1d18f1cfffdc82851065a/lxml-6.1.3-cp314-cp314t-musllinux_1_2_armv7l.whl", hash = "sha256:7d0f5976aa2701996f759b30172925829867547bb073af0ae67d1307a0f0262c", size = 4758828, upload-time = "2026-09-02T14:50:05.873Z" },
    { url = "https://files.pythonhosted.org/packages/1f/f1/938d67bd0e5b1fdfa52be28aefdffbad57e1f6b8e921c2aab88542c75f40/lxml-6.1.3-cp314-cp314t-musllinux_1_2_ppc64le.whl", hash = "sha256:c5e7ce578aa8a80910a72a8ca0bbea3baae10100827249001999726a788456d8", size = 5627083, upload-time = "2026-09-02T14:50:08.555Z" },
    { url = "https://files.pythonhosted.org/packages/d8/65/4e51522f6c214650db0abb7b16ccd11b1238b8a05a8d59aa4ebed59c9f67/lxml-6.1.3-cp314-cp314t-musllinux_1_2_riscv64.whl", hash = "sha256:d97c5227621af74b111882a290b10f371780a38eef9d9e730408fba2259b52fb", size = 5235170, upload-time = "2026-09-02T14:50:11.255Z" },
    { url = "https://files.pythonhosted.org/packages/92/c2/e73d19365665f6b16ef84df21199befc3b06e4c539046ad2d9595f6fb9ea/lxml-6.1.3-cp314-cp314t-musllinux_1_2_x86_64.whl", hash = "sha256:da707f14ea3c35ee463d50acd596d6488e4b2b4ae7cf77a5bf93f55c023d63e8", size = 5252273, upload-time = "2026-09-02T14:50:13.782Z" },
    { url = "https://files.pythonhosted.org/packages/48/a9/7f386c84c9fe2854e1ca6e231c285e1c8f392971ac353c6865e6ec49faff/lxml-6.1.3-cp314-cp314t-win32.whl", hash = "sha256:9efe56a68179f3adc4de41861c9358931db03837c48dd5e1c78077b84dd07f3a", size = 3902712, upload-time = "2026-09-02T14:50:16.171Z" },
    { url = "https://files.pythonhosted.org/packages/82/a6/8a3eb793f7900ef01c7f99e6f5fcbcfbdff35251cfaef66b32a4c16352d6/lxml-6.1.3-cp314-cp314t-win_amd64.whl", hash = "sha256:c9389b3784b56c58d933b5e0aecdf28f901b073ff385358d8a7d40907f6e14b2", size = 4400979, upload-time = "2026-09-02T14:50:18.621Z" },
    { url = "https://files.pythonhosted.org/packages/cc/c4/3807bea283b4fe9e9d9f5dde46a73df91178472b335d2778e10b2a37aa22/lxml-6.1.3-cp314-cp314t-win_arm64.whl", hash = "sha256:32a409be3190b088f960ac92bfedfbef2f86c49ff940765e1548177592d20026", size = 3823401, upload-time = "2026-09-02T14:50:21.119Z" },
]

[[package]]
name = "numpy"
version = "2.5.3"
source = { registry = "https://pypi.org/simple" }
sdist = { url = "https://files.pythonhosted.org/packages/13/01/11703282db468b85f6f7b8c7f22d058de5970d5c7e60a3a8aaa313c3de36/numpy-2.5.3.tar.gz", hash = "sha256:df2d5874ff183595a4ba404edd04f6bd9b5505c1d7708573f6a6c17489a67563", size = 20791231, upload-time = "2026-09-06T16:27:47.073Z" }
wheels = [
    { url = "https://files.pythonhosted.org/packages/79/e5/8fb89cd46d14e35699d13bf943a5f5f441ecee8667120a1f6105ab89e349/numpy-2.5.3-cp313-cp313-macosx_10_13_x86_64.whl", hash = "sha256:66a78fe4556c60aceda5916f9eacd638b18e9e681016ec302dcb4682d6d4d034", size = 16991061, upload-time = "2026-09-06T16:25:00.411Z" },
    { url = "https://files.pythonhosted.org/packages/2f/06/9dc9e48b5e5e941c8b10350c5ff2d721da42a20517d911d15544246775ff/numpy-2.5.3-cp313-cp313-macosx_11_0_arm64.whl", hash = "sha256:92f30e89b8ee0ecf363033576c422b2f58fed6a80bed0aa48dff6d14c654663e", size = 12003676, upload-time = "2026-09-06T16:25:03.475Z" },
    { url = "https://files.pythonhosted.org/packages/ab/2a/98282aa5b8f58b1157d440bb6282eed47e3632a5de53a714fbab17e659fe/numpy-2.5.3-cp313-cp313-macosx_14_0_arm64.whl", hash = "sha256:f9a2353b37a1a9e78fd82b27ad7e2a32a2d036604d18f02b05e3136c62ca3b09", size = 5439695, upload-time = "2026-09-06T16:25:05.978Z" },
    { url = "https://files.pythonhosted.org/packages/a1/f9/b6533d777be9d6ffd29dc1be0867e563e6e8cc9a220ff1b716adc317f060/numpy-2.5.3-cp313-cp313-macosx_14_0_x86_64.whl", hash = "sha256:ccbc4665079665c3cf3bab4db9f6b095370cd6437d66be549b6c2a1fd19e1958", size = 6779395, upload-time = "2026-09-06T16:25:08.599Z" },
    { url = "https://files.pythonhosted.org/packages/73/85/735720d04ec197c5dcfacdfc9922667c7f1f5f496a279b7ba4d7c74c4cc7/numpy-2.5.3-cp313-cp313-manylinux_2_27_aarch64.manylinux_2_28_aarch64.whl", hash = "sha256:c76d5dde9f445058f83d0c02af00557a4db91de9a9a57c0df87d1535001d654b", size = 15681750, upload-time = "2026-09-06T16:25:11.173Z" },
    { url = "https://files.pythonhosted.org/packages/3a/1b/3b16a9bc514a440a7a0883684111dcb1ef1aee960af2ca95da8fc775f124/numpy-2.5.3-cp313-cp313-manylinux_2_27_x86_64.manylinux_2_28_x86_64.whl", hash = "sha256:a5fa86b80fd24bcd1aff83ad23be44ea323de3f787be8f8b15d4a65621e25321", size = 16708577, upload-time = "2026-09-06T16:25:14.171Z" },
    { url = "https://files.pythonhosted.org/packages/69/c4/386f397831b07328b639c96c5b62719346cf4baf07c68d927239752b1534/numpy-2.5.3-cp313-cp313-musllinux_1_2_aarch64.whl", hash = "sha256:bd4cb9ad3c7889b9b3fe0a9a9fb5d2ed26f9879bff2608d9f01aed147a20d231", size = 17042047, upload-time = "2026-09-06T16:25:17.582Z" },
    { url = "https://files.pythonhosted.org/packages/5f/3e/a700ecbf36e85ae8328fd3b0e12eeddc22ed6358a64cb2bd913e0d195d65/numpy-2.5.3-cp313-cp313-musllinux_1_2_x86_64.whl", hash = "sha256:1302b90c0e52281681b2975adfe8a860cb7b12216a27b4b0b4207c44bf7bccf0", size = 18465724, upload-time = "2026-09-06T16:25:20.949Z" },
    { url = "https://files.pythonhosted.org/packages/41/ee/38e785e88a4045f6ad1d1f2808dcdfafdca48c760260c0587bf171e29fc9/numpy-2.5.3-cp313-cp313-win32.whl", hash = "sha256:1c80eabb4035ecf4ca9cd49cde8a9fdd69a729e63e6474887d1523ade7aa277f", size = 6129003, upload-time = "2026-09-06T16:25:23.664Z" },
    { url = "https://files.pythonhosted.org/packages/f3/ec/100f2b1794ede74a9b3d7ec6b9736927f56713414c1dfe19ab6c383494bf/numpy-2.5.3-cp313-cp313-win_amd64.whl", hash = "sha256:71cad2b2a7451ab79d8f5e71b453485b6775963d5cf794179144a7463fe6e8ec", size = 12560965, upload-time = "2026-09-06T16:25:26.602Z" },
    { url = "https://files.pythonhosted.org/packages/80/b1/7dc825ca94c12acebbce4c37caa5e198695eb31424bc579679f32b1bb49d/numpy-2.5.3-cp313-cp313-win_arm64.whl", hash = "sha256:8e4dd766076855b5ff7ea52fa5f07ce26286726e0f8bff446b7739d02e6ea204", size = 10482343, upload-time = "2026-09-06T16:25:29.772Z" },
    { url = "https://files.pythonhosted.org/packages/70/78/cf416f15dc29375a229d9dfebf8db6e313f291580b39fa1a568b6052bb07/numpy-2.5.3-cp314-cp314-macosx_10_15_x86_64.whl", hash = "sha256:350ba9783ce969cf9f7ce6e6a9a58e1a6e2a19ca025b7ee448c4db727706212a", size = 16998686, upload-time = "2026-09-06T16:25:33.171Z" },
    { url = "https://files.pythonhosted.org/packages/9e/59/abcc2d8def4fd60eec7d87f92d27c13448ffd9ab14339bcc63a0d7a2fdea/numpy-2.5.3-cp314-cp314-macosx_11_0_arm64.whl", hash = "sha256:012e66aca395d795496446e52aeeb5866312a5d4d3f27da270e5a0b43f70dc5c", size = 12013862, upload-time = "2026-09-06T16:25:36.748Z" },
    { url = "https://files.pythonhosted.org/packages/94/75/4640d2d6e4b64a049e48425a82728a41ef4adb61332d2cba68055774878b/numpy-2.5.3-cp314-cp314-macosx_14_0_arm64.whl", hash = "sha256:adc1ada2662f8a5f960b8a10d9986897e7499ef07e06d4cfe7197f8cce923c07", size = 5449793, upload-time = "2026-09-06T16:25:39.476Z" },
    { url = "https://files.pythonhosted.org/packages/96/cd/625b57ae33d4ca560f32cc0b47b4a5922146d9beb998ddf773900d440a73/numpy-2.5.3-cp314-cp314-macosx_14_0_x86_64.whl", hash = "sha256:54a115e5a73b8fc44f0cebef486365a1894b5c9760685d4558b72b7c3eb846e0", size = 6785176, upload-time = "2026-09-06T16:25:42.069Z" },
    { url = "https://files.pythonhosted.org/packages/9c/72/12918652e7912ef9751e8694c88820fcd1908e0618cb23f5f3caa6004b7b/numpy-2.5.3-cp314-cp314-manylinux_2_27_aarch64.manylinux_2_28_aarch64.whl", hash = "sha256:be5a8381859b6da607c84f4f7d6847725f1cf1853ef8a2c9e115b7d58bef47dc", size = 15703377, upload-time = "2026-09-06T16:25:45.135Z" },
    { url = "https://files.pythonhosted.org/packages/45/8f/9beacf79ca7c650688ad0baa80931adb988fe6e6e5d5903c23cc3dbd70eb/numpy-2.5.3-cp314-cp314-manylinux_2_27_x86_64.manylinux_2_28_x86_64.whl", hash = "sha256:b0521d0f4aebb6e06189451025fa17a913287b13c03d5fe05c017333b654ea5b", size = 16711928, upload-time = "2026-09-06T16:25:48.461Z" },
    { url = "https://files.pythonhosted.org/packages/09/8d/41d0a56e1ac4c87495c897a211b1368691b7237aadabec8b3b8f3a74d48f/numpy-2.5.3-cp314-cp314-musllinux_1_2_aarch64.whl", hash = "sha256:9deb49575e5b0b94ed72c8a64ec4d033381adc27e9060ae842971f697ba96104", size = 17059507, upload-time = "2026-09-06T16:25:51.873Z" },
    { url = "https://files.pythonhosted.org/packages/08/1e/0dfbc5cc251d54e2af790f254d24ec38637fa97ec7d5d11de7ffed787098/numpy-2.5.3-cp314-cp314-musllinux_1_2_x86_64.whl", hash = "sha256:b00eefbcf0f292945c4b4dec2ae845389ef5bcdcd596e6e4328051db5b5ba694", size = 18471002, upload-time = "2026-09-06T16:25:55.233Z" },
    { url = "https://files.pythonhosted.org/packages/b5/2c/dfa40f6991f8185c8c30ffd023dfcbb11888e823cfab9557b920f3bb7bed/numpy-2.5.3-cp314-cp314-win32.whl", hash = "sha256:c2381f82999704f818e2c987a865050e285ec3621262c66d40f5a96c8f899f8e", size = 6180485, upload-time = "2026-09-06T16:25:58.157Z" },
    { url = "https://files.pythonhosted.org/packages/a4/73/d2c08231e4fde7e415501fd02c715d96e98599b2d8384445933944152984/numpy-2.5.3-cp314-cp314-win_amd64.whl", hash = "sha256:2c25dfa72943e4336ddb6b0ee4277b47a0c85bede0807530ec68103bf58e2c10", size = 12698179, upload-time = "2026-09-06T16:26:00.789Z" },
    { url = "https://files.pythonhosted.org/packages/5c/e9/dcdcc9b95cf5f49815055573aee1b11cfbf5299f38a180e437ded050810f/numpy-2.5.3-cp314-cp314-win_arm64.whl", hash = "sha256:15aa985ac73a8db02db7663381aa109510449d3819d37206caed27b33a65a8a6", size = 10769383, upload-time = "2026-09-06T16:26:04.011Z" },
    { url = "https://files.pythonhosted.org/packages/49/c4/af8bc08a7ef4e1529a7c0cf24969accce316b783999802089a581ec99272/numpy-2.5.3-cp314-cp314t-macosx_11_0_arm64.whl", hash = "sha256:ac7bb1c52d445bd4f8f7f97fefe6abc3a084dc4d63df50d79b17fa2b78e89297", size = 12132668, upload-time = "2026-09-06T16:26:07.138Z" },
    { url = "https://files.pythonhosted.org/packages/c5/ae/0f15eb56d4ec5e13c1f7ff04ff407f997d1acbadb45d3e1f2e2645a8f43c/numpy-2.5.3-cp314-cp314t-macosx_14_0_arm64.whl", hash = "sha256:e6ab667ba76450084eb64013762c438ea76d9d29cc676dcd6c2e9892ba37f841", size = 5568580, upload-time = "2026-09-06T16:26:09.828Z" },
    { url = "https://files.pythonhosted.org/packages/23/fb/c72a8f25d4b6e96c354e7ab45ace3b27dc11e5d6a13b6c7d0cd6b08bf112/numpy-2.5.3-cp314-cp314t-macosx_14_0_x86_64.whl", hash = "sha256:f7fabeb6cea87d65f3b926de33d03fb016cfdc29314c90974383b5582ae72891", size = 6882634, upload-time = "2026-09-06T16:26:12.524Z" },
    { url = "https://files.pythonhosted.org/packages/07/a9/968c90ed2ab15060c338e8137f1215b5a60756ae07328e0a60d1c6734df4/numpy-2.5.3-cp314-cp314t-manylinux_2_27_aarch64.manylinux_2_28_aarch64.whl", hash = "sha256:1fb6f8fb9ff0b3a69f52c66ce397b0246583e9f28616231b0e32ca49259a5fa6", size = 15748923, upload-time = "2026-09-06T16:26:15.092Z" },
    { url = "https://files.pythonhosted.org/packages/59/08/9df04103947b95e3b6b1f2ed1a70521f325647a31b82da6a2aae3a485508/numpy-2.5.3-cp314-cp314t-manylinux_2_27_x86_64.manylinux_2_28_x86_64.whl", hash = "sha256:93e1f5447e2b1e479d7bd74701e84746b86450cff1fc368b132d195e2b8f8211", size = 16746748, upload-time = "2026-09-06T16:26:18.43Z" },
    { url = "https://files.pythonhosted.org/packages/41/a0/14c8d5fe5b53a334aabb653deb391c0fef49558f491880ea300ed6785224/numpy-2.5.3-cp314-cp314t-musllinux_1_2_aarch64.whl", hash = "sha256:c00abe94c1a69d75d827dcf1c025b25c8a45d230b3bcd77a9020883a1b047653", size = 17111561, upload-time = "2026-09-06T16:26:22.113Z" },
    { url = "https://files.pythonhosted.org/packages/c4/a6/d7e96e42f01522e154c32489640f16dfc4f6181d165d05fc3bec8c2c4999/numpy-2.5.3-cp314-cp314t-musllinux_1_2_x86_64.whl", hash = "sha256:536f963710a4e63934d80ac0dc4f478804a83e9a84b6828018f25d09953ada33", size = 18513945, upload-time = "2026-09-06T16:26:25.401Z" },
    { url = "https://files.pythonhosted.org/packages/25/39/3453afb7119d0449ef11c886874120ff180e2c337760e0e2d88f70f1a945/numpy-2.5.3-cp314-cp314t-win32.whl", hash = "sha256:4c8a6d2ebce6305fd82fbefca827775437147052a976ee7c94b36a0c1b52ac6c", size = 6335421, upload-time = "2026-09-06T16:26:28.175Z" },
    { url = "https://files.pythonhosted.org/packages/99/01/22815d2b19a1a746b1d45205cffebb3fe511a18acb75fba6c88491fc9894/numpy-2.5.3-cp314-cp314t-win_amd64.whl", hash = "sha256:9a37475425b431b4d060f23b4f52cd2f3aef6bc7c654bd760adf0040eec9d435", size = 12896420, upload-time = "2026-09-06T16:26:31.265Z" },
    { url = "https://files.pythonhosted.org/packages/fa/ee/a7cbba67eeaff038dc29ca8b98a88396c8b0cc9c89d4924f4a27a5c9150b/numpy-2.5.3-cp314-cp314t-win_arm64.whl", hash = "sha256:2d8240cb4c16fd831074aa2b2cf9fc54664d826341d61c372245b96a74a49a9a", size = 10857177, upload-time = "2026-09-06T16:26:34.167Z" },
]

[[package]]
name = "packaging"
version = "26.3"
source = { registry = "https://pypi.org/simple" }
sdist = { url = "https://files.pythonhosted.org/packages/7d/fa/3944b40b07da9ce895c0e6303a5ab7d53da063554f534556b134a54d6093/packaging-26.3.tar.gz", hash = "sha256:94edc256424af38762eb31306eed28beb9f0efc50a8837492c9d6fd6004aed79", size = 313412, upload-time = "2026-08-04T18:15:28.737Z" }
wheels = [
    { url = "https://files.pythonhosted.org/packages/63/34/ba1c580383c9eada3711951fef0795c80b829a078d72188184bcab9dd527/packaging-26.3-py3-none-any.whl", hash = "sha256:d7193f7c8e4e93f444fde0262bf90af30e16fa0ad0ad44cb553c87339b23cd1c", size = 129956, upload-time = "2026-08-04T18:15:27.159Z" },
]

[[package]]
name = "pluggy"
version = "1.6.0"
source = { registry = "https://pypi.org/simple" }
sdist = { url = "https://files.pythonhosted.org/packages/f9/e2/3e91f31a7d2b083fe6ef3fa267035b518369d9511ffab804f839851d2779/pluggy-1.6.0.tar.gz", hash = "sha256:7dcc130b76258d33b90f61b658791dede3486c3e6bfb003ee5c9bfb396dd22f3", size = 69412, upload-time = "2025-05-15T12:30:07.975Z" }
wheels = [
    { url = "https://files.pythonhosted.org/packages/54/20/4d324d65cc6d9205fabedc306948156824eb9f0ee1633355a8f7ec5c66bf/pluggy-1.6.0-py3-none-any.whl", hash = "sha256:e920276dd6813095e9377c0bc5566d94c932c33b27a3e3945d8389c374dd4746", size = 20538, upload-time = "2025-05-15T12:30:06.134Z" },
]

[[package]]
name = "pygments"
version = "2.21.0"
source = { registry = "https://pypi.org/simple" }
sdist = { url = "https://files.pythonhosted.org/packages/49/2e/ced460408999b33da6b31b0021b0f37d329e202d4169aeb164493778f25b/pygments-2.21.0.tar.gz", hash = "sha256:610ca751c9bc2492b38eb9a38a7fbc93edbbb2d7182edaf34e66ae493dee5c8c", size = 5005329, upload-time = "2026-08-17T08:02:48.824Z" }
wheels = [
    { url = "https://files.pythonhosted.org/packages/71/46/17f022dd3e953bf20a04a028a21ec746d942f8d2af30fa0f124fa0e6a684/pygments-2.21.0-py3-none-any.whl", hash = "sha256:2363c69b61c4a97c838da3b130dcd6468f4848992b21a82f2a63ec34377137d9", size = 1250147, upload-time = "2026-08-17T08:02:44.912Z" },
]

[[package]]
name = "pypdf"
version = "6.18.0"
source = { registry = "https://pypi.org/simple" }
sdist = { url = "https://files.pythonhosted.org/packages/c2/c3/9fa0666f280552bd3833562d985b785fce1ddb3804937edd2fd6a3f2bdb3/pypdf-6.18.0.tar.gz", hash = "sha256:ae58b7d93c22c169ffb02c3b06321c45c4f223b4916536568adb57d789d95d01", size = 7024871, upload-time = "2026-09-07T16:48:16.444Z" }
wheels = [
    { url = "https://files.pythonhosted.org/packages/c7/a5/d5922a078c9a612327681d4793404f82998f4d66213add6fdc0659245856/pypdf-6.18.0-py3-none-any.whl", hash = "sha256:05b762b77bcb9dcb4a7c91fcf5dded585b25bee7269ab3d3001d7c55fa1b324b", size = 393848, upload-time = "2026-09-07T16:48:14.254Z" },
]

[[package]]
name = "pytest"
version = "9.1.1"
source = { registry = "https://pypi.org/simple" }
dependencies = [
    { name = "colorama", marker = "sys_platform == 'win32'" },
    { name = "iniconfig" },
    { name = "packaging" },
    { name = "pluggy" },
    { name = "pygments" },
]
sdist = { url = "https://files.pythonhosted.org/packages/e4/47/b9efed96c114afcfa3c9d3fe98a76a1d14c74a9e266d397cf6eb64be5e01/pytest-9.1.1.tar.gz", hash = "sha256:1088fbde8f2b49d95a549a195707afa7a76a3ce9bcadc26b6d71f0ffda5fe313", size = 1636369, upload-time = "2026-06-19T10:58:32.857Z" }
wheels = [
    { url = "https://files.pythonhosted.org/packages/24/25/1de2678b631f5a49215c6c96fff41ba892b0a34df68d6d80292b1b48aa7f/pytest-9.1.1-py3-none-any.whl", hash = "sha256:37a86b45efb9a47a61a36449063e8e18d0cab3161329fc099eb21783169c4f0c", size = 386536, upload-time = "2026-06-19T10:58:31.347Z" },
]

[[package]]
name = "python-docx"
version = "1.2.0"
source = { registry = "https://pypi.org/simple" }
dependencies = [
    { name = "lxml" },
    { name = "typing-extensions" },
]
sdist = { url = "https://files.pythonhosted.org/packages/a9/f7/eddfe33871520adab45aaa1a71f0402a2252050c14c7e3009446c8f4701c/python_docx-1.2.0.tar.gz", hash = "sha256:7bc9d7b7d8a69c9c02ca09216118c86552704edc23bac179283f2e38f86220ce", size = 5723256, upload-time = "2025-06-16T20:46:27.921Z" }
wheels = [
    { url = "https://files.pythonhosted.org/packages/d0/00/1e03a4989fa5795da308cd774f05b704ace555a70f9bf9d3be057b680bcf/python_docx-1.2.0-py3-none-any.whl", hash = "sha256:3fd478f3250fbbbfd3b94fe1e985955737c145627498896a8a6bf81f4baf66c7", size = 252987, upload-time = "2025-06-16T20:46:22.506Z" },
]

[[package]]
name = "python-dotenv"
version = "1.2.3"
source = { registry = "https://pypi.org/simple" }
sdist = { url = "https://files.pythonhosted.org/packages/6a/53/ed9d74092561d4b01a2ef1349d52cdbc135e526c245f366b089cfca6de49/python_dotenv-1.2.3.tar.gz", hash = "sha256:a20a594dabeaa385725aa239d5244871c143ecb356add8a20fcf23773a6c3a35", size = 58945, upload-time = "2026-08-16T16:54:54.067Z" }
wheels = [
    { url = "https://files.pythonhosted.org/packages/0d/17/c5c6b53ddc18f297992099b3d9ec16c855c0ccc83263a21fe4d1c625ec6c/python_dotenv-1.2.3-py3-none-any.whl", hash = "sha256:904552145e8bfed22162c09dab1c2b9b54fefa7b23ba780f4f26ca0316b0f0d9", size = 22780, upload-time = "2026-08-16T16:54:52.473Z" },
]

[[package]]
name = "rank-bm25"
version = "0.2.2"
source = { registry = "https://pypi.org/simple" }
dependencies = [
    { name = "numpy" },
]
sdist = { url = "https://files.pythonhosted.org/packages/fc/0a/f9579384aa017d8b4c15613f86954b92a95a93d641cc849182467cf0bb3b/rank_bm25-0.2.2.tar.gz", hash = "sha256:096ccef76f8188563419aaf384a02f0ea459503fdf77901378d4fd9d87e5e51d", size = 8347, upload-time = "2022-02-16T12:10:52.196Z" }
wheels = [
    { url = "https://files.pythonhosted.org/packages/2a/21/f691fb2613100a62b3fa91e9988c991e9ca5b89ea31c0d3152a3210344f9/rank_bm25-0.2.2-py3-none-any.whl", hash = "sha256:7bd4a95571adadfc271746fa146a4bcfd89c0cf731e49c3d1ad863290adbe8ae", size = 8584, upload-time = "2022-02-16T12:10:50.626Z" },
]

[[package]]
name = "ruff"
version = "0.16.6"
source = { registry = "https://pypi.org/simple" }
sdist = { url = "https://files.pythonhosted.org/packages/a4/7c/6adb35d70e7c027e308274557901c7e00fb3407750faf3620c184ae058cb/ruff-0.16.6.tar.gz", hash = "sha256:dcf8a73d2ff77e99dde91244b4da16feba7f14e6beeb4015dee7c5a909e99050", size = 4921251, upload-time = "2026-09-03T16:57:29.037Z" }
wheels = [
    { url = "https://files.pythonhosted.org/packages/a4/28/9cc1b79639e284ec103f43c88c644db4eb58cbd0ea1ca11f1193435369ac/ruff-0.16.6-py3-none-linux_armv6l.whl", hash = "sha256:61c368c26bf8e973e5ab14a2772de587bc068ea3f9a277f673380749b4898fb8", size = 10015638, upload-time = "2026-09-03T16:56:40.986Z" },
    { url = "https://files.pythonhosted.org/packages/71/11/627d342ef727ea7794edf74fe23d60a074b02c3acc2e9436684e782286ca/ruff-0.16.6-py3-none-macosx_10_12_x86_64.whl", hash = "sha256:ecf4f068e2e123e43a26e9db4e19524cc56563912404e83bbfca375757e45a32", size = 10220762, upload-time = "2026-09-03T16:56:44.681Z" },
    { url = "https://files.pythonhosted.org/packages/43/d9/b75668ce41e4c8d073d18d6d08672ba6906ce45d5c06ea4fdb2e84ce3853/ruff-0.16.6-py3-none-macosx_11_0_arm64.whl", hash = "sha256:99b62ea33baf130f50368798d841f0d95527b6d817bf31817b65dd058f1d314c", size = 9835082, upload-time = "2026-09-03T16:56:47.142Z" },
    { url = "https://files.pythonhosted.org/packages/99/97/123ab10b05cde889c107c20f5a9774955104b5552796a2a8584b089ae8eb/ruff-0.16.6-py3-none-manylinux_2_17_aarch64.manylinux2014_aarch64.whl", hash = "sha256:7fbf89013f2bb3f6835a6038ff658dc8a1b38c98dc8e724b964168ad4e881876", size = 9949304, upload-time = "2026-09-03T16:56:49.813Z" },
    { url = "https://files.pythonhosted.org/packages/3e/58/a4a2c59dd2e5b85929c912d9cac3056eb9ee8c7e75e9b9fe3e109174966b/ruff-0.16.6-py3-none-manylinux_2_17_armv7l.manylinux2014_armv7l.whl", hash = "sha256:56a67065e22efa6bc4d498299d3bb06c0c90aace8fac2068b5a12f9dc4d8d51d", size = 9840612, upload-time = "2026-09-03T16:56:52.368Z" },
    { url = "https://files.pythonhosted.org/packages/61/6a/ff8c8626a786c4f49d48ced4a752dadbca65f5263005f9c2416578194694/ruff-0.16.6-py3-none-manylinux_2_17_i686.manylinux2014_i686.whl", hash = "sha256:e25cc89174874b176a157e4428d66761c2c0c006654419bf384f967f361ff1b1", size = 10543465, upload-time = "2026-09-03T16:56:55.089Z" },
    { url = "https://files.pythonhosted.org/packages/ad/bb/c47535923365f337b82e28192e4e9eef2176511007cfd99a62fc22df5dad/ruff-0.16.6-py3-none-manylinux_2_17_ppc64le.manylinux2014_ppc64le.whl", hash = "sha256:0700580ed5303723cb3c11c2f1d2a8913ce77b7ea86646dddb887f5417a9ba70", size = 11267576, upload-time = "2026-09-03T16:56:57.791Z" },
    { url = "https://files.pythonhosted.org/packages/ba/50/e5119a5212b5cd63b51e1f4b25e7bd636a6668fc069a3160b108ad7e3c16/ruff-0.16.6-py3-none-manylinux_2_17_s390x.manylinux2014_s390x.whl", hash = "sha256:15f1d0b6e165a6e56567befb6629f8209271311d990bae0f37e6d065035ef5f3", size = 10781993, upload-time = "2026-09-03T16:57:00.666Z" },
    { url = "https://files.pythonhosted.org/packages/8b/98/083d8b4ef3c51a0d19db84367791cbe9f44e4b53343d19dfa83556e1cd9a/ruff-0.16.6-py3-none-manylinux_2_17_x86_64.manylinux2014_x86_64.whl", hash = "sha256:d72c591a96986ee4268860e2b7235082129ca5e4cb9cbba653a4b57c11893757", size = 10317748, upload-time = "2026-09-03T16:57:03.428Z" },
    { url = "https://files.pythonhosted.org/packages/9a/29/68f7ff2c5ad95f19f00627ac2de95644e25fe47371ea60b2db1fd952315e/ruff-0.16.6-py3-none-manylinux_2_31_riscv64.whl", hash = "sha256:65a006baa18f33324325814c864daef03541d51564b98c517610ea756ab7003e", size = 10540096, upload-time = "2026-09-03T16:57:06.182Z" },
    { url = "https://files.pythonhosted.org/packages/c4/f9/79a8f6de85968641d68a7863aeec577551924ef066a990a48ff93167beab/ruff-0.16.6-py3-none-musllinux_1_2_aarch64.whl", hash = "sha256:cd02a7bf1a21a8735228a3e8c95a9dc5cf86bd2a52194f4aaae2a5755b4de0f4", size = 10100494, upload-time = "2026-09-03T16:57:09.194Z" },
    { url = "https://files.pythonhosted.org/packages/d9/e8/b81a22d9b90c00b892ccf2fa2ac36fa95de4c13ab85aea3e73795cfe4651/ruff-0.16.6-py3-none-musllinux_1_2_armv7l.whl", hash = "sha256:31b36f1e5ad85e0737f09d2be4e512e2e283583c14015da3b9dc07359ac0fc88", size = 9843663, upload-time = "2026-09-03T16:57:12.168Z" },
    { url = "https://files.pythonhosted.org/packages/39/aa/54f516ec5e5a11c4afdceb1c454ebb054ffb96e4f4a1705580b4346abd35/ruff-0.16.6-py3-none-musllinux_1_2_i686.whl", hash = "sha256:61029b4ab4aa723fd3064fab96b1d814492596bf0c792679fffcbde1e1679953", size = 10282461, upload-time = "2026-09-03T16:57:15.077Z" },
    { url = "https://files.pythonhosted.org/packages/52/0b/38d0aa8aa32372b96dc44f97b22e576c4147808271aab7b2cb1e353d4445/ruff-0.16.6-py3-none-musllinux_1_2_x86_64.whl", hash = "sha256:9ac8998457832c2061709d900856b7ad271dace0cb41f346588d540162bfa718", size = 10728808, upload-time = "2026-09-03T16:57:17.797Z" },
    { url = "https://files.pythonhosted.org/packages/5e/e5/9e274e24eeb027640ffc7442f21239f16d17f47acec15ae34f32e03a5c79/ruff-0.16.6-py3-none-win32.whl", hash = "sha256:0b87d9d16fcb63e8018423ca1d50b7260f15cb2da33e30db4baad4183a948c25", size = 10049212, upload-time = "2026-09-03T16:57:20.55Z" },
    { url = "https://files.pythonhosted.org/packages/22/31/72472449414223ed1a2da236b992adbb1a2ae59e34794574810f60ce068e/ruff-0.16.6-py3-none-win_amd64.whl", hash = "sha256:10d21c51c3495d8eaea7b703a16592117ea6eb1d649e36335aa965ff1173eb39", size = 10556402, upload-time = "2026-09-03T16:57:23.501Z" },
    { url = "https://files.pythonhosted.org/packages/fc/07/d781f8f8e1ac24bef9f3269cf62ffb1407ca24c3a8f12e5e22874f90528c/ruff-0.16.6-py3-none-win_arm64.whl", hash = "sha256:7a976c79b958f94e50a022a19f0f8c87387448020935ec14fc74331bd0a7f2c5", size = 10412850, upload-time = "2026-09-03T16:57:26.416Z" },
]

[[package]]
name = "snowballstemmer"
version = "3.1.1"
source = { registry = "https://pypi.org/simple" }
sdist = { url = "https://files.pythonhosted.org/packages/43/f8/0a71edf031f03c40db17503cb8ca78a69a171254e568e7db241b0ab57ea1/snowballstemmer-3.1.1.tar.gz", hash = "sha256:e07bbc54a0d798fe6010a12398422e62a8bfbba95c394fd0956ef58cb4d3e260", size = 123314, upload-time = "2026-06-03T00:56:40.194Z" }
wheels = [
    { url = "https://files.pythonhosted.org/packages/4c/07/2ebca9b11fb9be7340a818d8d6f63feaebb146be2c4afbd6061701d6df6e/snowballstemmer-3.1.1-py3-none-any.whl", hash = "sha256:7e207fa178741da09cdee59d3ecec3827ad5f92b1fc5c9ff3755b639f71f5752", size = 104164, upload-time = "2026-06-03T00:56:38.614Z" },
]

[[package]]
name = "sqlite-vec"
version = "0.1.9"
source = { registry = "https://pypi.org/simple" }
wheels = [
    { url = "https://files.pythonhosted.org/packages/68/85/9fad0045d8e7c8df3e0fa5a56c630e8e15ad6e5ca2e6106fceb666aa6638/sqlite_vec-0.1.9-py3-none-macosx_10_6_x86_64.whl", hash = "sha256:1b62a7f0a060d9475575d4e599bbf94a13d85af896bc1ce86ee80d1b5b48e5fb", size = 131171, upload-time = "2026-03-31T08:02:31.717Z" },
    { url = "https://files.pythonhosted.org/packages/a4/3d/3677e0cd2f92e5ebc43cd29fbf565b75582bff1ccfa0b8327c7508e1084f/sqlite_vec-0.1.9-py3-none-macosx_11_0_arm64.whl", hash = "sha256:1d52e30513bae4cc9778ddbf6145610434081be4c3afe57cd877893bad9f6b6c", size = 165434, upload-time = "2026-03-31T08:02:32.712Z" },
    { url = "https://files.pythonhosted.org/packages/00/d4/f2b936d3bdc38eadcbd2a87875815db36430fab0363182ba5d12cd8e0b51/sqlite_vec-0.1.9-py3-none-manylinux_2_17_aarch64.manylinux2014_aarch64.whl", hash = "sha256:4e921e592f24a5f9a18f590b6ddd530eb637e2d474e3b1972f9bbeb773aa3cb9", size = 160076, upload-time = "2026-03-31T08:02:33.796Z" },
    { url = "https://files.pythonhosted.org/packages/6f/ad/6afd073b0f817b3e03f9e37ad626ae341805891f23c74b5292818f49ac63/sqlite_vec-0.1.9-py3-none-manylinux_2_17_x86_64.manylinux2014_x86_64.manylinux1_x86_64.whl", hash = "sha256:1515727990b49e79bcaf75fdee2ffc7d461f8b66905013231251f1c8938e7786", size = 163388, upload-time = "2026-03-31T08:02:34.888Z" },
    { url = "https://files.pythonhosted.org/packages/42/89/81b2907cda14e566b9bf215e2ad82fc9b349edf07d2010756ffdb902f328/sqlite_vec-0.1.9-py3-none-win_amd64.whl", hash = "sha256:4a28dc12fa4b53d7b1dced22da2488fade444e96b5d16fd2d698cd670675cf32", size = 292804, upload-time = "2026-03-31T08:02:36.035Z" },
]

[[package]]
name = "tg-agent-bot"
version = "1.9.1"
source = { virtual = "." }
dependencies = [
    { name = "httpx" },
    { name = "pypdf" },
    { name = "python-docx" },
    { name = "python-dotenv" },
    { name = "rank-bm25" },
    { name = "snowballstemmer" },
    { name = "sqlite-vec" },
]

[package.dev-dependencies]
dev = [
    { name = "pytest" },
    { name = "ruff" },
]

[package.metadata]
requires-dist = [
    { name = "httpx", specifier = "==0.28.1" },
    { name = "pypdf", specifier = "==6.18.0" },
    { name = "python-docx", specifier = "==1.2.0" },
    { name = "python-dotenv", specifier = "==1.2.3" },
    { name = "rank-bm25", specifier = "==0.2.2" },
    { name = "snowballstemmer", specifier = "==3.1.1" },
    { name = "sqlite-vec", specifier = "==0.1.9" },
]

[package.metadata.requires-dev]
dev = [
    { name = "pytest", specifier = "==9.1.1" },
    { name = "ruff", specifier = "==0.16.6" },
]

[[package]]
name = "typing-extensions"
version = "4.16.0"
source = { registry = "https://pypi.org/simple" }
sdist = { url = "https://files.pythonhosted.org/packages/f6/cc/6253133b5bb138fc3306cebfbda2c520f545d36b5be2c7255cc528bb45d6/typing_extensions-4.16.0.tar.gz", hash = "sha256:dc983d19a509c94dba722ee6abd33940f7c05a89e243c47e907eb4db6f1a43e5", size = 113555, upload-time = "2026-07-02T08:40:05.92Z" }
wheels = [
    { url = "https://files.pythonhosted.org/packages/49/d3/b8441a820a491ddfc024b0b0cf0393375b75ea13866d9c66727e54c2fc80/typing_extensions-4.16.0-py3-none-any.whl", hash = "sha256:481caa481374e813c1b176ada14e97f1f67a4539ce9cfeb3f350d78d6370c2e8", size = 45571, upload-time = "2026-07-02T08:40:04.659Z" },
]
